
Microsoft Visual Studio Solution File, Format Version 12.00
# Visual Studio 2013
VisualStudioVersion = 12.0.40629.0
MinimumVisualStudioVersion = 10.0.40219.1
Project("{2150E333-8FDC-42A3-9474-1A3956D46DE8}") = "Presentation", "Presentation", "{A2127EF4-5ED3-4163-AA7A-A4D38E03CCDB}"
EndProject
Project("{FAE04EC0-301F-11D3-BF4B-00C04F79EFBC}") = "Core", "Core\Core.csproj", "{B436C1A9-FAE6-4C98-BBA2-64C01F39C55E}"
EndProject
Project("{FAE04EC0-301F-11D3-BF4B-00C04F79EFBC}") = "WebApplicaton", "WebApplicaton\WebApplicaton.csproj", "{7F3B7CF5-4D4F-4961-AAF1-BDFE94C2D7D5}"
EndProject
Project("{FAE04EC0-301F-11D3-BF4B-00C04F79EFBC}") = "ViewModel", "ViewModel\ViewModel.csproj", "{3B4D919F-A882-44B6-BAE6-26FAB607640C}"
EndProject
Project("{2150E333-8FDC-42A3-9474-1A3956D46DE8}") = "BusinessService", "BusinessService", "{D3F3352A-E22F-4219-A93D-1FD1D026DD90}"
EndProject
Project("{FAE04EC0-301F-11D3-BF4B-00C04F79EFBC}") = "Services", "Services\Services.csproj", "{A79C4F83-1AB5-40B7-9332-BA23B367E230}"
EndProject
Project("{FAE04EC0-301F-11D3-BF4B-00C04F79EFBC}") = "Model", "Model\Model.csproj", "{87F6C90E-A399-4B9C-9697-FA572B0A8E17}"
EndProject
Project("{2150E333-8FDC-42A3-9474-1A3956D46DE8}") = "DataService", "DataService", "{FA915571-6DE6-4353-8F15-FE5E2C1F3D9E}"
EndProject
Project("{FAE04EC0-301F-11D3-BF4B-00C04F79EFBC}") = "Repository", "Repository\Repository.csproj", "{150DD051-D9C9-4208-9A60-282FA4370710}"
EndProject
Project("{FAE04EC0-301F-11D3-BF4B-00C04F79EFBC}") = "Data", "Data\Data.csproj", "{C510BBA2-3F72-47A1-BE34-0F7974615BBC}"
EndProject
Global
	GlobalSection(SolutionConfigurationPlatforms) = preSolution
		Debug|Any CPU = Debug|Any CPU
		Release|Any CPU = Release|Any CPU
	EndGlobalSection
	GlobalSection(ProjectConfigurationPlatforms) = postSolution
		{B436C1A9-FAE6-4C98-BBA2-64C01F39C55E}.Debug|Any CPU.ActiveCfg = Debug|Any CPU
		{B436C1A9-FAE6-4C98-BBA2-64C01F39C55E}.Debug|Any CPU.Build.0 = Debug|Any CPU
		{B436C1A9-FAE6-4C98-BBA2-64C01F39C55E}.Release|Any CPU.ActiveCfg = Release|Any CPU
		{B436C1A9-FAE6-4C98-BBA2-64C01F39C55E}.Release|Any CPU.Build.0 = Release|Any CPU
		{7F3B7CF5-4D4F-4961-AAF1-BDFE94C2D7D5}.Debug|Any CPU.ActiveCfg = Debug|Any CPU
		{7F3B7CF5-4D4F-4961-AAF1-BDFE94C2D7D5}.Debug|Any CPU.Build.0 = Debug|Any CPU
		{7F3B7CF5-4D4F-4961-AAF1-BDFE94C2D7D5}.Release|Any CPU.ActiveCfg = Release|Any CPU
		{7F3B7CF5-4D4F-4961-AAF1-BDFE94C2D7D5}.Release|Any CPU.Build.0 = Release|Any CPU
		{3B4D919F-A882-44B6-BAE6-26FAB607640C}.Debug|Any CPU.ActiveCfg = Debug|Any CPU
		{3B4D919F-A882-44B6-BAE6-26FAB607640C}.Debug|Any CPU.Build.0 = Debug|Any CPU
		{3B4D919F-A882-44B6-BAE6-26FAB607640C}.Release|Any CPU.ActiveCfg = Release|Any CPU
		{3B4D919F-A882-44B6-BAE6-26FAB607640C}.Release|Any CPU.Build.0 = Release|Any CPU
		{A79C4F83-1AB5-40B7-9332-BA23B367E230}.Debug|Any CPU.ActiveCfg = Debug|Any CPU
		{A79C4F83-1AB5-40B7-9332-BA23B367E230}.Debug|Any CPU.Build.0 = Debug|Any CPU
		{A79C4F83-1AB5-40B7-9332-BA23B367E230}.Release|Any CPU.ActiveCfg = Release|Any CPU
		{A79C4F83-1AB5-40B7-9332-BA23B367E230}.Release|Any CPU.Build.0 = Release|Any CPU
		{87F6C90E-A399-4B9C-9697-FA572B0A8E17}.Debug|Any CPU.ActiveCfg = Debug|Any CPU
		{87F6C90E-A399-4B9C-9697-FA572B0A8E17}.Debug|Any CPU.Build.0 = Debug|Any CPU
		{87F6C90E-A399-4B9C-9697-FA572B0A8E17}.Release|Any CPU.ActiveCfg = Release|Any CPU
		{87F6C90E-A399-4B9C-9697-FA572B0A8E17}.Release|Any CPU.Build.0 = Release|Any CPU
		{150DD051-D9C9-4208-9A60-282FA4370710}.Debug|Any CPU.ActiveCfg = Debug|Any CPU
		{150DD051-D9C9-4208-9A60-282FA4370710}.Debug|Any CPU.Build.0 = Debug|Any CPU
		{150DD051-D9C9-4208-9A60-282FA4370710}.Release|Any CPU.ActiveCfg = Release|Any CPU
		{150DD051-D9C9-4208-9A60-282FA4370710}.Release|Any CPU.Build.0 = Release|Any CPU
		{C510BBA2-3F72-47A1-BE34-0F7974615BBC}.Debug|Any CPU.ActiveCfg = Debug|Any CPU
		{C510BBA2-3F72-47A1-BE34-0F7974615BBC}.Debug|Any CPU.Build.0 = Debug|Any CPU
		{C510BBA2-3F72-47A1-BE34-0F7974615BBC}.Release|Any CPU.ActiveCfg = Release|Any CPU
		{C510BBA2-3F72-47A1-BE34-0F7974615BBC}.Release|Any CPU.Build.0 = Release|Any CPU
	EndGlobalSection
	GlobalSection(SolutionProperties) = preSolution
		HideSolutionNode = FALSE
	EndGlobalSection
	GlobalSection(NestedProjects) = preSolution
		{B436C1A9-FAE6-4C98-BBA2-64C01F39C55E} = {A2127EF4-5ED3-4163-AA7A-A4D38E03CCDB}
		{7F3B7CF5-4D4F-4961-AAF1-BDFE94C2D7D5} = {A2127EF4-5ED3-4163-AA7A-A4D38E03CCDB}
		{3B4D919F-A882-44B6-BAE6-26FAB607640C} = {A2127EF4-5ED3-4163-AA7A-A4D38E03CCDB}
		{A79C4F83-1AB5-40B7-9332-BA23B367E230} = {D3F3352A-E22F-4219-A93D-1FD1D026DD90}
		{87F6C90E-A399-4B9C-9697-FA572B0A8E17} = {D3F3352A-E22F-4219-A93D-1FD1D026DD90}
		{150DD051-D9C9-4208-9A60-282FA4370710} = {FA915571-6DE6-4353-8F15-FE5E2C1F3D9E}
		{C510BBA2-3F72-47A1-BE34-0F7974615BBC} = {FA915571-6DE6-4353-8F15-FE5E2C1F3D9E}
	EndGlobalSection
EndGlobal
